
Microsoft Visual Studio Solution File, Format Version 12.00
# Visual Studio Version 16
VisualStudioVersion = 16.0.31515.178
MinimumVisualStudioVersion = 10.0.40219.1
Project("{9A19103F-16F7-4668-BE54-9A1E7A4F7556}") = "Ecommerce_Gateway", "Ecommerce_Gateway\Ecommerce_Gateway.csproj", "{468F01AB-FB61-455E-8F8D-C807DE2EE379}"
EndProject
Project("{FAE04EC0-301F-11D3-BF4B-00C04F79EFBC}") = "Ecommerce_UserManagment", "Ecommerce_UserManagment\Ecommerce_UserManagment.csproj", "{FD209676-8ED7-44A3-8CD9-B08ECB196DE2}"
EndProject
Global
	GlobalSection(SolutionConfigurationPlatforms) = preSolution
		Debug|Any CPU = Debug|Any CPU
		Release|Any CPU = Release|Any CPU
	EndGlobalSection
	GlobalSection(ProjectConfigurationPlatforms) = postSolution
		{468F01AB-FB61-455E-8F8D-C807DE2EE379}.Debug|Any CPU.ActiveCfg = Debug|Any CPU
		{468F01AB-FB61-455E-8F8D-C807DE2EE379}.Debug|Any CPU.Build.0 = Debug|Any CPU
		{468F01AB-FB61-455E-8F8D-C807DE2EE379}.Release|Any CPU.ActiveCfg = Release|Any CPU
		{468F01AB-FB61-455E-8F8D-C807DE2EE379}.Release|Any CPU.Build.0 = Release|Any CPU
		{FD209676-8ED7-44A3-8CD9-B08ECB196DE2}.Debug|Any CPU.ActiveCfg = Debug|Any CPU
		{FD209676-8ED7-44A3-8CD9-B08ECB196DE2}.Debug|Any CPU.Build.0 = Debug|Any CPU
		{FD209676-8ED7-44A3-8CD9-B08ECB196DE2}.Release|Any CPU.ActiveCfg = Release|Any CPU
		{FD209676-8ED7-44A3-8CD9-B08ECB196DE2}.Release|Any CPU.Build.0 = Release|Any CPU
	EndGlobalSection
	GlobalSection(SolutionProperties) = preSolution
		HideSolutionNode = FALSE
	EndGlobalSection
	GlobalSection(ExtensibilityGlobals) = postSolution
		SolutionGuid = {DC247C82-DB37-4003-9951-3A2E2EE763B7}
	EndGlobalSection
EndGlobal
